
Microsoft Visual Studio Solution File, Format Version 12.00
# Visual Studio Version 16
VisualStudioVersion = 16.0.29709.97
MinimumVisualStudioVersion = 10.0.40219.1
Project("{FAE04EC0-301F-11D3-BF4B-00C04F79EFBC}") = "PlcNextVSExtension", "PlcNextVSExtension\PlcNextVSExtension.csproj", "{C3E761FE-784D-43C9-BD44-57928EA0A499}"
EndProject
Project("{FAE04EC0-301F-11D3-BF4B-00C04F79EFBC}") = "PlcncliServices", "PlcncliServices\PlcncliServices.csproj", "{31F51E8C-C031-4BB5-9F4B-75452D136CCE}"
EndProject
Project("{FAE04EC0-301F-11D3-BF4B-00C04F79EFBC}") = "PLMProjectTemplate", "PLMProjectTemplate\PLMProjectTemplate.csproj", "{F9BE3609-4C4F-463E-9656-B13DBE3714DF}"
EndProject
Project("{FAE04EC0-301F-11D3-BF4B-00C04F79EFBC}") = "ACFProjectTemplate", "ACFProjectTemplate\ACFProjectTemplate.csproj", "{3548F0DE-62D9-4EF0-BDC2-255FF09CACF5}"
EndProject
Project("{FAE04EC0-301F-11D3-BF4B-00C04F79EFBC}") = "PLMProgramItemTemplate", "PLMProgramItemTemplate\PLMProgramItemTemplate.csproj", "{BDB4D447-8081-4D1B-A4B1-39181BB78A22}"
EndProject
Project("{FAE04EC0-301F-11D3-BF4B-00C04F79EFBC}") = "ComponentItemTemplate", "ComponentItemTemplate\ComponentItemTemplate.csproj", "{5CA83A70-4095-4829-8C4D-EB66806DC46F}"
EndProject
Project("{FAE04EC0-301F-11D3-BF4B-00C04F79EFBC}") = "PlcncliBuild", "PlcncliBuild\PlcncliBuild.csproj", "{AFB634C2-0E5C-4C42-B736-15459191E772}"
EndProject
Global
	GlobalSection(SolutionConfigurationPlatforms) = preSolution
		Debug|Any CPU = Debug|Any CPU
		Debug|ARM = Debug|ARM
		Debug|ARM64 = Debug|ARM64
		Debug|x64 = Debug|x64
		Debug|x86 = Debug|x86
		Release|Any CPU = Release|Any CPU
		Release|ARM = Release|ARM
		Release|ARM64 = Release|ARM64
		Release|x64 = Release|x64
		Release|x86 = Release|x86
	EndGlobalSection
	GlobalSection(ProjectConfigurationPlatforms) = postSolution
		{C3E761FE-784D-43C9-BD44-57928EA0A499}.Debug|Any CPU.ActiveCfg = Debug|Any CPU
		{C3E761FE-784D-43C9-BD44-57928EA0A499}.Debug|Any CPU.Build.0 = Debug|Any CPU
		{C3E761FE-784D-43C9-BD44-57928EA0A499}.Debug|ARM.ActiveCfg = Debug|Any CPU
		{C3E761FE-784D-43C9-BD44-57928EA0A499}.Debug|ARM.Build.0 = Debug|Any CPU
		{C3E761FE-784D-43C9-BD44-57928EA0A499}.Debug|ARM64.ActiveCfg = Debug|Any CPU
		{C3E761FE-784D-43C9-BD44-57928EA0A499}.Debug|ARM64.Build.0 = Debug|Any CPU
		{C3E761FE-784D-43C9-BD44-57928EA0A499}.Debug|x64.ActiveCfg = Debug|Any CPU
		{C3E761FE-784D-43C9-BD44-57928EA0A499}.Debug|x64.Build.0 = Debug|Any CPU
		{C3E761FE-784D-43C9-BD44-57928EA0A499}.Debug|x86.ActiveCfg = Debug|Any CPU
		{C3E761FE-784D-43C9-BD44-57928EA0A499}.Debug|x86.Build.0 = Debug|Any CPU
		{C3E761FE-784D-43C9-BD44-57928EA0A499}.Release|Any CPU.ActiveCfg = Release|Any CPU
		{C3E761FE-784D-43C9-BD44-57928EA0A499}.Release|Any CPU.Build.0 = Release|Any CPU
		{C3E761FE-784D-43C9-BD44-57928EA0A499}.Release|ARM.ActiveCfg = Release|Any CPU
		{C3E761FE-784D-43C9-BD44-57928EA0A499}.Release|ARM.Build.0 = Release|Any CPU
		{C3E761FE-784D-43C9-BD44-57928EA0A499}.Release|ARM64.ActiveCfg = Release|Any CPU
		{C3E761FE-784D-43C9-BD44-57928EA0A499}.Release|ARM64.Build.0 = Release|Any CPU
		{C3E761FE-784D-43C9-BD44-57928EA0A499}.Release|x64.ActiveCfg = Release|Any CPU
		{C3E761FE-784D-43C9-BD44-57928EA0A499}.Release|x64.Build.0 = Release|Any CPU
		{C3E761FE-784D-43C9-BD44-57928EA0A499}.Release|x86.ActiveCfg = Release|Any CPU
		{C3E761FE-784D-43C9-BD44-57928EA0A499}.Release|x86.Build.0 = Release|Any CPU
		{31F51E8C-C031-4BB5-9F4B-75452D136CCE}.Debug|Any CPU.ActiveCfg = Debug|Any CPU
		{31F51E8C-C031-4BB5-9F4B-75452D136CCE}.Debug|Any CPU.Build.0 = Debug|Any CPU
		{31F51E8C-C031-4BB5-9F4B-75452D136CCE}.Debug|ARM.ActiveCfg = Debug|Any CPU
		{31F51E8C-C031-4BB5-9F4B-75452D136CCE}.Debug|ARM.Build.0 = Debug|Any CPU
		{31F51E8C-C031-4BB5-9F4B-75452D136CCE}.Debug|ARM64.ActiveCfg = Debug|Any CPU
		{31F51E8C-C031-4BB5-9F4B-75452D136CCE}.Debug|ARM64.Build.0 = Debug|Any CPU
		{31F51E8C-C031-4BB5-9F4B-75452D136CCE}.Debug|x64.ActiveCfg = Debug|Any CPU
		{31F51E8C-C031-4BB5-9F4B-75452D136CCE}.Debug|x64.Build.0 = Debug|Any CPU
		{31F51E8C-C031-4BB5-9F4B-75452D136CCE}.Debug|x86.ActiveCfg = Debug|Any CPU
		{31F51E8C-C031-4BB5-9F4B-75452D136CCE}.Debug|x86.Build.0 = Debug|Any CPU
		{31F51E8C-C031-4BB5-9F4B-75452D136CCE}.Release|Any CPU.ActiveCfg = Release|Any CPU
		{31F51E8C-C031-4BB5-9F4B-75452D136CCE}.Release|Any CPU.Build.0 = Release|Any CPU
		{31F51E8C-C031-4BB5-9F4B-75452D136CCE}.Release|ARM.ActiveCfg = Release|Any CPU
		{31F51E8C-C031-4BB5-9F4B-75452D136CCE}.Release|ARM.Build.0 = Release|Any CPU
		{31F51E8C-C031-4BB5-9F4B-75452D136CCE}.Release|ARM64.ActiveCfg = Release|Any CPU
		{31F51E8C-C031-4BB5-9F4B-75452D136CCE}.Release|ARM64.Build.0 = Release|Any CPU
		{31F51E8C-C031-4BB5-9F4B-75452D136CCE}.Release|x64.ActiveCfg = Release|Any CPU
		{31F51E8C-C031-4BB5-9F4B-75452D136CCE}.Release|x64.Build.0 = Release|Any CPU
		{31F51E8C-C031-4BB5-9F4B-75452D136CCE}.Release|x86.ActiveCfg = Release|Any CPU
		{31F51E8C-C031-4BB5-9F4B-75452D136CCE}.Release|x86.Build.0 = Release|Any CPU
		{F9BE3609-4C4F-463E-9656-B13DBE3714DF}.Debug|Any CPU.ActiveCfg = Debug|Any CPU
		{F9BE3609-4C4F-463E-9656-B13DBE3714DF}.Debug|Any CPU.Build.0 = Debug|Any CPU
		{F9BE3609-4C4F-463E-9656-B13DBE3714DF}.Debug|ARM.ActiveCfg = Debug|Any CPU
		{F9BE3609-4C4F-463E-9656-B13DBE3714DF}.Debug|ARM.Build.0 = Debug|Any CPU
		{F9BE3609-4C4F-463E-9656-B13DBE3714DF}.Debug|ARM64.ActiveCfg = Debug|Any CPU
		{F9BE3609-4C4F-463E-9656-B13DBE3714DF}.Debug|ARM64.Build.0 = Debug|Any CPU
		{F9BE3609-4C4F-463E-9656-B13DBE3714DF}.Debug|x64.ActiveCfg = Debug|Any CPU
		{F9BE3609-4C4F-463E-9656-B13DBE3714DF}.Debug|x64.Build.0 = Debug|Any CPU
		{F9BE3609-4C4F-463E-9656-B13DBE3714DF}.Debug|x86.ActiveCfg = Debug|Any CPU
		{F9BE3609-4C4F-463E-9656-B13DBE3714DF}.Debug|x86.Build.0 = Debug|Any CPU
		{F9BE3609-4C4F-463E-9656-B13DBE3714DF}.Release|Any CPU.ActiveCfg = Release|Any CPU
		{F9BE3609-4C4F-463E-9656-B13DBE3714DF}.Release|Any CPU.Build.0 = Release|Any CPU
		{F9BE3609-4C4F-463E-9656-B13DBE3714DF}.Release|ARM.ActiveCfg = Release|Any CPU
		{F9BE3609-4C4F-463E-9656-B13DBE3714DF}.Release|ARM.Build.0 = Release|Any CPU
		{F9BE3609-4C4F-463E-9656-B13DBE3714DF}.Release|ARM64.ActiveCfg = Release|Any CPU
		{F9BE3609-4C4F-463E-9656-B13DBE3714DF}.Release|ARM64.Build.0 = Release|Any CPU
		{F9BE3609-4C4F-463E-9656-B13DBE3714DF}.Release|x64.ActiveCfg = Release|Any CPU
		{F9BE3609-4C4F-463E-9656-B13DBE3714DF}.Release|x64.Build.0 = Release|Any CPU
		{F9BE3609-4C4F-463E-9656-B13DBE3714DF}.Release|x86.ActiveCfg = Release|Any CPU
		{F9BE3609-4C4F-463E-9656-B13DBE3714DF}.Release|x86.Build.0 = Release|Any CPU
		{3548F0DE-62D9-4EF0-BDC2-255FF09CACF5}.Debug|Any CPU.ActiveCfg = Debug|Any CPU
		{3548F0DE-62D9-4EF0-BDC2-255FF09CACF5}.Debug|Any CPU.Build.0 = Debug|Any CPU
		{3548F0DE-62D9-4EF0-BDC2-255FF09CACF5}.Debug|ARM.ActiveCfg = Debug|Any CPU
		{3548F0DE-62D9-4EF0-BDC2-255FF09CACF5}.Debug|ARM.Build.0 = Debug|Any CPU
		{3548F0DE-62D9-4EF0-BDC2-255FF09CACF5}.Debug|ARM64.ActiveCfg = Debug|Any CPU
		{3548F0DE-62D9-4EF0-BDC2-255FF09CACF5}.Debug|ARM64.Build.0 = Debug|Any CPU
		{3548F0DE-62D9-4EF0-BDC2-255FF09CACF5}.Debug|x64.ActiveCfg = Debug|Any CPU
		{3548F0DE-62D9-4EF0-BDC2-255FF09CACF5}.Debug|x64.Build.0 = Debug|Any CPU
		{3548F0DE-62D9-4EF0-BDC2-255FF09CACF5}.Debug|x86.ActiveCfg = Debug|Any CPU
		{3548F0DE-62D9-4EF0-BDC2-255FF09CACF5}.Debug|x86.Build.0 = Debug|Any CPU
		{3548F0DE-62D9-4EF0-BDC2-255FF09CACF5}.Release|Any CPU.ActiveCfg = Release|Any CPU
		{3548F0DE-62D9-4EF0-BDC2-255FF09CACF5}.Release|Any CPU.Build.0 = Release|Any CPU
		{3548F0DE-62D9-4EF0-BDC2-255FF09CACF5}.Release|ARM.ActiveCfg = Release|Any CPU
		{3548F0DE-62D9-4EF0-BDC2-255FF09CACF5}.Release|ARM.Build.0 = Release|Any CPU
		{3548F0DE-62D9-4EF0-BDC2-255FF09CACF5}.Release|ARM64.ActiveCfg = Release|Any CPU
		{3548F0DE-62D9-4EF0-BDC2-255FF09CACF5}.Release|ARM64.Build.0 = Release|Any CPU
		{3548F0DE-62D9-4EF0-BDC2-255FF09CACF5}.Release|x64.ActiveCfg = Release|Any CPU
		{3548F0DE-62D9-4EF0-BDC2-255FF09CACF5}.Release|x64.Build.0 = Release|Any CPU
		{3548F0DE-62D9-4EF0-BDC2-255FF09CACF5}.Release|x86.ActiveCfg = Release|Any CPU
		{3548F0DE-62D9-4EF0-BDC2-255FF09CACF5}.Release|x86.Build.0 = Release|Any CPU
		{BDB4D447-8081-4D1B-A4B1-39181BB78A22}.Debug|Any CPU.ActiveCfg = Debug|Any CPU
		{BDB4D447-8081-4D1B-A4B1-39181BB78A22}.Debug|Any CPU.Build.0 = Debug|Any CPU
		{BDB4D447-8081-4D1B-A4B1-39181BB78A22}.Debug|ARM.ActiveCfg = Debug|Any CPU
		{BDB4D447-8081-4D1B-A4B1-39181BB78A22}.Debug|ARM.Build.0 = Debug|Any CPU
		{BDB4D447-8081-4D1B-A4B1-39181BB78A22}.Debug|ARM64.ActiveCfg = Debug|Any CPU
		{BDB4D447-8081-4D1B-A4B1-39181BB78A22}.Debug|ARM64.Build.0 = Debug|Any CPU
		{BDB4D447-8081-4D1B-A4B1-39181BB78A22}.Debug|x64.ActiveCfg = Debug|Any CPU
		{BDB4D447-8081-4D1B-A4B1-39181BB78A22}.Debug|x64.Build.0 = Debug|Any CPU
		{BDB4D447-8081-4D1B-A4B1-39181BB78A22}.Debug|x86.ActiveCfg = Debug|Any CPU
		{BDB4D447-8081-4D1B-A4B1-39181BB78A22}.Debug|x86.Build.0 = Debug|Any CPU
		{BDB4D447-8081-4D1B-A4B1-39181BB78A22}.Release|Any CPU.ActiveCfg = Release|Any CPU
		{BDB4D447-8081-4D1B-A4B1-39181BB78A22}.Release|Any CPU.Build.0 = Release|Any CPU
		{BDB4D447-8081-4D1B-A4B1-39181BB78A22}.Release|ARM.ActiveCfg = Release|Any CPU
		{BDB4D447-8081-4D1B-A4B1-39181BB78A22}.Release|ARM.Build.0 = Release|Any CPU
		{BDB4D447-8081-4D1B-A4B1-39181BB78A22}.Release|ARM64.ActiveCfg = Release|Any CPU
		{BDB4D447-8081-4D1B-A4B1-39181BB78A22}.Release|ARM64.Build.0 = Release|Any CPU
		{BDB4D447-8081-4D1B-A4B1-39181BB78A22}.Release|x64.ActiveCfg = Release|Any CPU
		{BDB4D447-8081-4D1B-A4B1-39181BB78A22}.Release|x64.Build.0 = Release|Any CPU
		{BDB4D447-8081-4D1B-A4B1-39181BB78A22}.Release|x86.ActiveCfg = Release|Any CPU
		{BDB4D447-8081-4D1B-A4B1-39181BB78A22}.Release|x86.Build.0 = Release|Any CPU
		{5CA83A70-4095-4829-8C4D-EB66806DC46F}.Debug|Any CPU.ActiveCfg = Debug|Any CPU
		{5CA83A70-4095-4829-8C4D-EB66806DC46F}.Debug|Any CPU.Build.0 = Debug|Any CPU
		{5CA83A70-4095-4829-8C4D-EB66806DC46F}.Debug|ARM.ActiveCfg = Debug|Any CPU
		{5CA83A70-4095-4829-8C4D-EB66806DC46F}.Debug|ARM.Build.0 = Debug|Any CPU
		{5CA83A70-4095-4829-8C4D-EB66806DC46F}.Debug|ARM64.ActiveCfg = Debug|Any CPU
		{5CA83A70-4095-4829-8C4D-EB66806DC46F}.Debug|ARM64.Build.0 = Debug|Any CPU
		{5CA83A70-4095-4829-8C4D-EB66806DC46F}.Debug|x64.ActiveCfg = Debug|Any CPU
		{5CA83A70-4095-4829-8C4D-EB66806DC46F}.Debug|x64.Build.0 = Debug|Any CPU
		{5CA83A70-4095-4829-8C4D-EB66806DC46F}.Debug|x86.ActiveCfg = Debug|Any CPU
		{5CA83A70-4095-4829-8C4D-EB66806DC46F}.Debug|x86.Build.0 = Debug|Any CPU
		{5CA83A70-4095-4829-8C4D-EB66806DC46F}.Release|Any CPU.ActiveCfg = Release|Any CPU
		{5CA83A70-4095-4829-8C4D-EB66806DC46F}.Release|Any CPU.Build.0 = Release|Any CPU
		{5CA83A70-4095-4829-8C4D-EB66806DC46F}.Release|ARM.ActiveCfg = Release|Any CPU
		{5CA83A70-4095-4829-8C4D-EB66806DC46F}.Release|ARM.Build.0 = Release|Any CPU
		{5CA83A70-4095-4829-8C4D-EB66806DC46F}.Release|ARM64.ActiveCfg = Release|Any CPU
		{5CA83A70-4095-4829-8C4D-EB66806DC46F}.Release|ARM64.Build.0 = Release|Any CPU
		{5CA83A70-4095-4829-8C4D-EB66806DC46F}.Release|x64.ActiveCfg = Release|Any CPU
		{5CA83A70-4095-4829-8C4D-EB66806DC46F}.Release|x64.Build.0 = Release|Any CPU
		{5CA83A70-4095-4829-8C4D-EB66806DC46F}.Release|x86.ActiveCfg = Release|Any CPU
		{5CA83A70-4095-4829-8C4D-EB66806DC46F}.Release|x86.Build.0 = Release|Any CPU
		{AFB634C2-0E5C-4C42-B736-15459191E772}.Debug|Any CPU.ActiveCfg = Debug|Any CPU
		{AFB634C2-0E5C-4C42-B736-15459191E772}.Debug|Any CPU.Build.0 = Debug|Any CPU
		{AFB634C2-0E5C-4C42-B736-15459191E772}.Debug|ARM.ActiveCfg = Debug|Any CPU
		{AFB634C2-0E5C-4C42-B736-15459191E772}.Debug|ARM.Build.0 = Debug|Any CPU
		{AFB634C2-0E5C-4C42-B736-15459191E772}.Debug|ARM64.ActiveCfg = Debug|Any CPU
		{AFB634C2-0E5C-4C42-B736-15459191E772}.Debug|ARM64.Build.0 = Debug|Any CPU
		{AFB634C2-0E5C-4C42-B736-15459191E772}.Debug|x64.ActiveCfg = Debug|Any CPU
		{AFB634C2-0E5C-4C42-B736-15459191E772}.Debug|x64.Build.0 = Debug|Any CPU
		{AFB634C2-0E5C-4C42-B736-15459191E772}.Debug|x86.ActiveCfg = Debug|Any CPU
		{AFB634C2-0E5C-4C42-B736-15459191E772}.Debug|x86.Build.0 = Debug|Any CPU
		{AFB634C2-0E5C-4C42-B736-15459191E772}.Release|Any CPU.ActiveCfg = Release|Any CPU
		{AFB634C2-0E5C-4C42-B736-15459191E772}.Release|Any CPU.Build.0 = Release|Any CPU
		{AFB634C2-0E5C-4C42-B736-15459191E772}.Release|ARM.ActiveCfg = Release|Any CPU
		{AFB634C2-0E5C-4C42-B736-15459191E772}.Release|ARM.Build.0 = Release|Any CPU
		{AFB634C2-0E5C-4C42-B736-15459191E772}.Release|ARM64.ActiveCfg = Release|Any CPU
		{AFB634C2-0E5C-4C42-B736-15459191E772}.Release|ARM64.Build.0 = Release|Any CPU
		{AFB634C2-0E5C-4C42-B736-15459191E772}.Release|x64.ActiveCfg = Release|Any CPU
		{AFB634C2-0E5C-4C42-B736-15459191E772}.Release|x64.Build.0 = Release|Any CPU
		{AFB634C2-0E5C-4C42-B736-15459191E772}.Release|x86.ActiveCfg = Release|Any CPU
		{AFB634C2-0E5C-4C42-B736-15459191E772}.Release|x86.Build.0 = Release|Any CPU
	EndGlobalSection
	GlobalSection(SolutionProperties) = preSolution
		HideSolutionNode = FALSE
	EndGlobalSection
	GlobalSection(ExtensibilityGlobals) = postSolution
		SolutionGuid = {AE6DE858-4041-4795-8A09-F7A6A0179217}
	EndGlobalSection
EndGlobal
